
Microsoft Visual Studio Solution File, Format Version 12.00
# Visual Studio Version 17
VisualStudioVersion = 17.5.33414.496
MinimumVisualStudioVersion = 10.0.40219.1
Project("{9A19103F-16F7-4668-BE54-9A1E7A4F7556}") = "ListViewTest", "ListViewTest\ListViewTest.csproj", "{4265D9CD-EECF-4699-9124-A3355C7ABA8F}"
EndProject
Project("{9A19103F-16F7-4668-BE54-9A1E7A4F7556}") = "ListViewTest.Core", "ListViewTest.Core\ListViewTest.Core.csproj", "{F447C7AC-BEDB-45AD-9659-15EDA1244008}"
EndProject
Global
	GlobalSection(SolutionConfigurationPlatforms) = preSolution
		Debug|Any CPU = Debug|Any CPU
		Debug|arm64 = Debug|arm64
		Debug|x64 = Debug|x64
		Debug|x86 = Debug|x86
		Release|Any CPU = Release|Any CPU
		Release|arm64 = Release|arm64
		Release|x64 = Release|x64
		Release|x86 = Release|x86
	EndGlobalSection
	GlobalSection(ProjectConfigurationPlatforms) = postSolution
		{4265D9CD-EECF-4699-9124-A3355C7ABA8F}.Debug|Any CPU.ActiveCfg = Debug|x64
		{4265D9CD-EECF-4699-9124-A3355C7ABA8F}.Debug|Any CPU.Build.0 = Debug|x64
		{4265D9CD-EECF-4699-9124-A3355C7ABA8F}.Debug|Any CPU.Deploy.0 = Debug|x64
		{4265D9CD-EECF-4699-9124-A3355C7ABA8F}.Debug|arm64.ActiveCfg = Debug|arm64
		{4265D9CD-EECF-4699-9124-A3355C7ABA8F}.Debug|arm64.Build.0 = Debug|arm64
		{4265D9CD-EECF-4699-9124-A3355C7ABA8F}.Debug|arm64.Deploy.0 = Debug|arm64
		{4265D9CD-EECF-4699-9124-A3355C7ABA8F}.Debug|x64.ActiveCfg = Debug|x64
		{4265D9CD-EECF-4699-9124-A3355C7ABA8F}.Debug|x64.Build.0 = Debug|x64
		{4265D9CD-EECF-4699-9124-A3355C7ABA8F}.Debug|x64.Deploy.0 = Debug|x64
		{4265D9CD-EECF-4699-9124-A3355C7ABA8F}.Debug|x86.ActiveCfg = Debug|x86
		{4265D9CD-EECF-4699-9124-A3355C7ABA8F}.Debug|x86.Build.0 = Debug|x86
		{4265D9CD-EECF-4699-9124-A3355C7ABA8F}.Debug|x86.Deploy.0 = Debug|x86
		{4265D9CD-EECF-4699-9124-A3355C7ABA8F}.Release|Any CPU.ActiveCfg = Release|x64
		{4265D9CD-EECF-4699-9124-A3355C7ABA8F}.Release|Any CPU.Build.0 = Release|x64
		{4265D9CD-EECF-4699-9124-A3355C7ABA8F}.Release|Any CPU.Deploy.0 = Release|x64
		{4265D9CD-EECF-4699-9124-A3355C7ABA8F}.Release|arm64.ActiveCfg = Release|arm64
		{4265D9CD-EECF-4699-9124-A3355C7ABA8F}.Release|arm64.Build.0 = Release|arm64
		{4265D9CD-EECF-4699-9124-A3355C7ABA8F}.Release|arm64.Deploy.0 = Release|arm64
		{4265D9CD-EECF-4699-9124-A3355C7ABA8F}.Release|x64.ActiveCfg = Release|x64
		{4265D9CD-EECF-4699-9124-A3355C7ABA8F}.Release|x64.Build.0 = Release|x64
		{4265D9CD-EECF-4699-9124-A3355C7ABA8F}.Release|x64.Deploy.0 = Release|x64
		{4265D9CD-EECF-4699-9124-A3355C7ABA8F}.Release|x86.ActiveCfg = Release|x86
		{4265D9CD-EECF-4699-9124-A3355C7ABA8F}.Release|x86.Build.0 = Release|x86
		{4265D9CD-EECF-4699-9124-A3355C7ABA8F}.Release|x86.Deploy.0 = Release|x86
		{F447C7AC-BEDB-45AD-9659-15EDA1244008}.Debug|Any CPU.ActiveCfg = Debug|Any CPU
		{F447C7AC-BEDB-45AD-9659-15EDA1244008}.Debug|Any CPU.Build.0 = Debug|Any CPU
		{F447C7AC-BEDB-45AD-9659-15EDA1244008}.Debug|arm64.ActiveCfg = Debug|arm64
		{F447C7AC-BEDB-45AD-9659-15EDA1244008}.Debug|arm64.Build.0 = Debug|arm64
		{F447C7AC-BEDB-45AD-9659-15EDA1244008}.Debug|x64.ActiveCfg = Debug|x64
		{F447C7AC-BEDB-45AD-9659-15EDA1244008}.Debug|x64.Build.0 = Debug|x64
		{F447C7AC-BEDB-45AD-9659-15EDA1244008}.Debug|x86.ActiveCfg = Debug|x86
		{F447C7AC-BEDB-45AD-9659-15EDA1244008}.Debug|x86.Build.0 = Debug|x86
		{F447C7AC-BEDB-45AD-9659-15EDA1244008}.Release|Any CPU.ActiveCfg = Release|Any CPU
		{F447C7AC-BEDB-45AD-9659-15EDA1244008}.Release|Any CPU.Build.0 = Release|Any CPU
		{F447C7AC-BEDB-45AD-9659-15EDA1244008}.Release|arm64.ActiveCfg = Release|arm64
		{F447C7AC-BEDB-45AD-9659-15EDA1244008}.Release|arm64.Build.0 = Release|arm64
		{F447C7AC-BEDB-45AD-9659-15EDA1244008}.Release|x64.ActiveCfg = Release|x64
		{F447C7AC-BEDB-45AD-9659-15EDA1244008}.Release|x64.Build.0 = Release|x64
		{F447C7AC-BEDB-45AD-9659-15EDA1244008}.Release|x86.ActiveCfg = Release|x86
		{F447C7AC-BEDB-45AD-9659-15EDA1244008}.Release|x86.Build.0 = Release|x86
	EndGlobalSection
	GlobalSection(SolutionProperties) = preSolution
		HideSolutionNode = FALSE
	EndGlobalSection
	GlobalSection(ExtensibilityGlobals) = postSolution
		SolutionGuid = {09D35178-545C-4A8D-8628-975863C5D927}
	EndGlobalSection
EndGlobal
